# This file is generated by running "yarn install" inside your project.
# Manual changes might be lost - proceed with caution!

__metadata:
  version: 6
  cacheKey: 8

"@cspotcode/source-map-support@npm:^0.8.0":
  version: 0.8.1
  resolution: "@cspotcode/source-map-support@npm:0.8.1"
  dependencies:
    "@jridgewell/trace-mapping": 0.3.9
  checksum: 5718f267085ed8edb3e7ef210137241775e607ee18b77d95aa5bd7514f47f5019aa2d82d96b3bf342ef7aa890a346fa1044532ff7cc3009e7d24fce3ce6200fa
  languageName: node
  linkType: hard

"@envelop/core@npm:^2.5.0":
  version: 2.6.0
  resolution: "@envelop/core@npm:2.6.0"
  dependencies:
    "@envelop/types": 2.4.0
    tslib: 2.4.0
  peerDependencies:
    graphql: ^14.0.0 || ^15.0.0 || ^16.0.0
  checksum: 33e070de7f58bec5bd37c5c548bc7c4408b0f5f2b20b290bd5d9bb6b492cd1523458717cbb7a65fdf6963efaa449cf6fc238c8f7a48303ef135ea6750089d7e9
  languageName: node
  linkType: hard

"@envelop/parser-cache@npm:^4.6.0":
  version: 4.7.0
  resolution: "@envelop/parser-cache@npm:4.7.0"
  dependencies:
    lru-cache: ^6.0.0
    tslib: ^2.4.0
  peerDependencies:
    "@envelop/core": ^2.6.0
    graphql: ^14.0.0 || ^15.0.0 || ^16.0.0
  checksum: dbfec7047f789d886d4adfdefe5b30630aabec89521254a5d4c2ccbb1863103b427a0b77829a1879bab82d52aa6fef8977e96ebe0b00c159d3c52c6750d95c6f
  languageName: node
  linkType: hard

"@envelop/types@npm:2.4.0":
  version: 2.4.0
  resolution: "@envelop/types@npm:2.4.0"
  dependencies:
    tslib: ^2.4.0
  peerDependencies:
    graphql: ^14.0.0 || ^15.0.0 || ^16.0.0
  checksum: 16f4ca10325483c6f027664cecb2c672cf6edc3c5f6dae11098955b6e9b0004bd29db2b90b8f4323b75a6654e325c3294ee90857420f542df554ec0cfb97c0d2
  languageName: node
  linkType: hard

"@envelop/validation-cache@npm:^4.6.0":
  version: 4.7.0
  resolution: "@envelop/validation-cache@npm:4.7.0"
  dependencies:
    lru-cache: ^6.0.0
    tslib: ^2.4.0
  peerDependencies:
    "@envelop/core": ^2.6.0
    graphql: ^14.0.0 || ^15.0.0 || ^16.0.0
  checksum: 90d06d5e93777f222f5e372df345d1877fe725910cf4f79afff6ab7a0984dd5459dce7a6d93decb9f64c21d4d3149b860bd83ee4a713e6bbb83f0ab7b0ef095d
  languageName: node
  linkType: hard

"@graphql-tools/merge@npm:8.3.6":
  version: 8.3.6
  resolution: "@graphql-tools/merge@npm:8.3.6"
  dependencies:
    "@graphql-tools/utils": 8.12.0
    tslib: ^2.4.0
  peerDependencies:
    graphql: ^14.0.0 || ^15.0.0 || ^16.0.0 || ^17.0.0
  checksum: 3e45ebff0dce9524e72c4af1d2b9799c16515c1236290e07cd68fb2226c4e54734e2444d89a64b387b7ba991d15c6f948fdfc20c77a74b1d24babddd865ff32a
  languageName: node
  linkType: hard

"@graphql-tools/schema@npm:^9.0.0":
  version: 9.0.4
  resolution: "@graphql-tools/schema@npm:9.0.4"
  dependencies:
    "@graphql-tools/merge": 8.3.6
    "@graphql-tools/utils": 8.12.0
    tslib: ^2.4.0
    value-or-promise: 1.0.11
  peerDependencies:
    graphql: ^14.0.0 || ^15.0.0 || ^16.0.0 || ^17.0.0
  checksum: 0644ba225ff7fb03c6fb7f026b6a77a4ac5dd14fd10bb562ea0072bfe0258620fd4789b851b0b97007db8754d0b7d88a1061bb98bacc679b22e2eb7706e79e0e
  languageName: node
  linkType: hard

"@graphql-tools/utils@npm:8.12.0, @graphql-tools/utils@npm:^8.8.0":
  version: 8.12.0
  resolution: "@graphql-tools/utils@npm:8.12.0"
  dependencies:
    tslib: ^2.4.0
  peerDependencies:
    graphql: ^14.0.0 || ^15.0.0 || ^16.0.0 || ^17.0.0
  checksum: 24edc6ba3bcfa9a4c1d1d37117c3f96d847beed9638325083c32c6ec9674729dc89fc8cc389d317ae5d9dba22e91443bd9788f1dc8de91a1b6f1e592112bd48f
  languageName: node
  linkType: hard

"@graphql-typed-document-node/core@npm:^3.1.1":
  version: 3.1.1
  resolution: "@graphql-typed-document-node/core@npm:3.1.1"
  peerDependencies:
    graphql: ^0.8.0 || ^0.9.0 || ^0.10.0 || ^0.11.0 || ^0.12.0 || ^0.13.0 || ^14.0.0 || ^15.0.0 || ^16.0.0
  checksum: 87ff4cee308f1075f4472b80f9f9409667979940f8f701e87f0aa35ce5cf104d94b41258ea8192d05a0893475cd0f086a3929a07663b4fe8d0e805a277f07ed5
  languageName: node
  linkType: hard

"@graphql-yoga/common@npm:^2.12.12":
  version: 2.12.12
  resolution: "@graphql-yoga/common@npm:2.12.12"
  dependencies:
    "@envelop/core": ^2.5.0
    "@envelop/parser-cache": ^4.6.0
    "@envelop/validation-cache": ^4.6.0
    "@graphql-tools/schema": ^9.0.0
    "@graphql-tools/utils": ^8.8.0
    "@graphql-typed-document-node/core": ^3.1.1
    "@graphql-yoga/subscription": ^2.2.3
    "@whatwg-node/fetch": ^0.3.0
    dset: ^3.1.1
    tslib: ^2.3.1
  peerDependencies:
    graphql: ^15.2.0 || ^16.0.0
  checksum: 7a766c5c202e84e78d928832131208882a65448b4e5a12be52db5d9eb7759b70468d2b0bea88f10ef025a0825968868061003273b58a5f12dba9c66762197739
  languageName: node
  linkType: hard

"@graphql-yoga/node@npm:^2.13.13":
  version: 2.13.13
  resolution: "@graphql-yoga/node@npm:2.13.13"
  dependencies:
    "@envelop/core": ^2.5.0
    "@graphql-tools/utils": ^8.8.0
    "@graphql-yoga/common": ^2.12.12
    "@graphql-yoga/subscription": ^2.2.3
    "@whatwg-node/fetch": ^0.3.0
    tslib: ^2.3.1
  peerDependencies:
    graphql: ^15.2.0 || ^16.0.0
  checksum: 5bb3be1283b03edcd6ea87d72e6446e31f4b46faf4f3fb462f3ae0a56179e699700a47a32fb2ee616ff07b3cbec274557876a7978fcb9a26f578cf8c46fd9570
  languageName: node
  linkType: hard

"@graphql-yoga/subscription@npm:^2.2.3":
  version: 2.2.3
  resolution: "@graphql-yoga/subscription@npm:2.2.3"
  dependencies:
    "@graphql-yoga/typed-event-target": ^0.1.1
    "@repeaterjs/repeater": ^3.0.4
    tslib: ^2.3.1
  checksum: 222524a30da44713d320ace9457b7c1912c8dfbb28d4930e2ff1e5fd61964ffa172cacc6eff7cfff54536b4e3e52ee8d70c8f3be5d79fd0e85c98076aa807152
  languageName: node
  linkType: hard

"@graphql-yoga/typed-event-target@npm:^0.1.1":
  version: 0.1.1
  resolution: "@graphql-yoga/typed-event-target@npm:0.1.1"
  dependencies:
    "@repeaterjs/repeater": ^3.0.4
    tslib: ^2.3.1
  checksum: 597a188d4a9d307eb5eb6b866e4d570166b8444d1ab3ca4cd0691afe92f782b25cdb3ba148512c8975ed119bd69226498f668b50eb2e1f24776cf78121a820a9
  languageName: node
  linkType: hard

"@jridgewell/resolve-uri@npm:^3.0.3":
  version: 3.1.0
  resolution: "@jridgewell/resolve-uri@npm:3.1.0"
  checksum: b5ceaaf9a110fcb2780d1d8f8d4a0bfd216702f31c988d8042e5f8fbe353c55d9b0f55a1733afdc64806f8e79c485d2464680ac48a0d9fcadb9548ee6b81d267
  languageName: node
  linkType: hard

"@jridgewell/sourcemap-codec@npm:^1.4.10":
  version: 1.4.14
  resolution: "@jridgewell/sourcemap-codec@npm:1.4.14"
  checksum: 61100637b6d173d3ba786a5dff019e1a74b1f394f323c1fee337ff390239f053b87266c7a948777f4b1ee68c01a8ad0ab61e5ff4abb5a012a0b091bec391ab97
  languageName: node
  linkType: hard

"@jridgewell/trace-mapping@npm:0.3.9":
  version: 0.3.9
  resolution: "@jridgewell/trace-mapping@npm:0.3.9"
  dependencies:
    "@jridgewell/resolve-uri": ^3.0.3
    "@jridgewell/sourcemap-codec": ^1.4.10
  checksum: d89597752fd88d3f3480845691a05a44bd21faac18e2185b6f436c3b0fd0c5a859fbbd9aaa92050c4052caf325ad3e10e2e1d1b64327517471b7d51babc0ddef
  languageName: node
  linkType: hard

"@peculiar/asn1-schema@npm:^2.1.6":
  version: 2.3.0
  resolution: "@peculiar/asn1-schema@npm:2.3.0"
  dependencies:
    asn1js: ^3.0.5
    pvtsutils: ^1.3.2
    tslib: ^2.4.0
  checksum: aa510c68de83be94a8d0e96ca1f7c92d2bd790867eed887c0db32d6b2fc49c5dd9d8269648e9665686ba9b2fd8469324c61e04fed50f7aad3f68a0ca0e1cde4b
  languageName: node
  linkType: hard

"@peculiar/json-schema@npm:^1.1.12":
  version: 1.1.12
  resolution: "@peculiar/json-schema@npm:1.1.12"
  dependencies:
    tslib: ^2.0.0
  checksum: b26ececdc23c5ef25837f8be8d1eb5e1c8bb6e9ae7227ac59ffea57fff56bd05137734e7685e9100595d3d88d906dff638ef8d1df54264c388d3eac1b05aa060
  languageName: node
  linkType: hard

"@peculiar/webcrypto@npm:^1.4.0":
  version: 1.4.0
  resolution: "@peculiar/webcrypto@npm:1.4.0"
  dependencies:
    "@peculiar/asn1-schema": ^2.1.6
    "@peculiar/json-schema": ^1.1.12
    pvtsutils: ^1.3.2
    tslib: ^2.4.0
    webcrypto-core: ^1.7.4
  checksum: 3a7a3c8f253170436f353a61b807d2e2e7a686e6a9607487fde6459ddfff34c8000414287a6cd904bd81e002ce4564811b3c7789a0fd932cf015df6c4002fd02
  languageName: node
  linkType: hard

"@repeaterjs/repeater@npm:^3.0.4":
  version: 3.0.4
  resolution: "@repeaterjs/repeater@npm:3.0.4"
  checksum: cca0db3e802bc26fcce0b4a574074d9956da53bf43094de03c0e4732d05e13441279a92f0b96e2a7a39da50933684947a138c1213406eaafe39cfd4683d6c0df
  languageName: node
  linkType: hard

"@tsconfig/node10@npm:^1.0.7":
  version: 1.0.9
  resolution: "@tsconfig/node10@npm:1.0.9"
  checksum: a33ae4dc2a621c0678ac8ac4bceb8e512ae75dac65417a2ad9b022d9b5411e863c4c198b6ba9ef659e14b9fb609bbec680841a2e84c1172df7a5ffcf076539df
  languageName: node
  linkType: hard

"@tsconfig/node12@npm:^1.0.7":
  version: 1.0.11
  resolution: "@tsconfig/node12@npm:1.0.11"
  checksum: 5ce29a41b13e7897a58b8e2df11269c5395999e588b9a467386f99d1d26f6c77d1af2719e407621412520ea30517d718d5192a32403b8dfcc163bf33e40a338a
  languageName: node
  linkType: hard

"@tsconfig/node14@npm:^1.0.0":
  version: 1.0.3
  resolution: "@tsconfig/node14@npm:1.0.3"
  checksum: 19275fe80c4c8d0ad0abed6a96dbf00642e88b220b090418609c4376e1cef81bf16237bf170ad1b341452feddb8115d8dd2e5acdfdea1b27422071163dc9ba9d
  languageName: node
  linkType: hard

"@tsconfig/node16@npm:^1.0.2":
  version: 1.0.3
  resolution: "@tsconfig/node16@npm:1.0.3"
  checksum: 3a8b657dd047495b7ad23437d6afd20297ce90380ff0bdee93fc7d39a900dbd8d9e26e53ff6b465e7967ce2adf0b218782590ce9013285121e6a5928fbd6819f
  languageName: node
  linkType: hard

"@types/node@npm:^18.11.0":
  version: 18.11.0
  resolution: "@types/node@npm:18.11.0"
  checksum: f27f899ab428e5732f04fadadc9203f44bdf3abf56474540ee27da90e4f2ba133faf87263cada4d2271955f92ee6a142bd50683c86290fe5070c19aac44fd654
  languageName: node
  linkType: hard

"@whatwg-node/fetch@npm:^0.3.0":
  version: 0.3.2
  resolution: "@whatwg-node/fetch@npm:0.3.2"
  dependencies:
    "@peculiar/webcrypto": ^1.4.0
    abort-controller: ^3.0.0
    busboy: ^1.6.0
    event-target-polyfill: ^0.0.3
    form-data-encoder: ^1.7.1
    formdata-node: ^4.3.1
    node-fetch: ^2.6.7
    undici: ^5.8.0
    web-streams-polyfill: ^3.2.0
  checksum: d9cb1b1293694edf0d61889512e5b5a0b8b69db2cf8c4cca4acdbbe652f899742456d10954312ef96a8f7257a898d6275b50df03cc481e5a97740cb301930892
  languageName: node
  linkType: hard

"abort-controller@npm:^3.0.0":
  version: 3.0.0
  resolution: "abort-controller@npm:3.0.0"
  dependencies:
    event-target-shim: ^5.0.0
  checksum: 170bdba9b47b7e65906a28c8ce4f38a7a369d78e2271706f020849c1bfe0ee2067d4261df8bbb66eb84f79208fd5b710df759d64191db58cfba7ce8ef9c54b75
  languageName: node
  linkType: hard

"acorn-walk@npm:^8.1.1":
  version: 8.2.0
  resolution: "acorn-walk@npm:8.2.0"
  checksum: 1715e76c01dd7b2d4ca472f9c58968516a4899378a63ad5b6c2d668bba8da21a71976c14ec5f5b75f887b6317c4ae0b897ab141c831d741dc76024d8745f1ad1
  languageName: node
  linkType: hard

"acorn@npm:^8.4.1":
  version: 8.8.0
  resolution: "acorn@npm:8.8.0"
  bin:
    acorn: bin/acorn
  checksum: 7270ca82b242eafe5687a11fea6e088c960af712683756abf0791b68855ea9cace3057bd5e998ffcef50c944810c1e0ca1da526d02b32110e13c722aa959afdc
  languageName: node
  linkType: hard

"arg@npm:^4.1.0":
  version: 4.1.3
  resolution: "arg@npm:4.1.3"
  checksum: 544af8dd3f60546d3e4aff084d451b96961d2267d668670199692f8d054f0415d86fc5497d0e641e91546f0aa920e7c29e5250e99fc89f5552a34b5d93b77f43
  languageName: node
  linkType: hard

"asn1js@npm:^3.0.1, asn1js@npm:^3.0.5":
  version: 3.0.5
  resolution: "asn1js@npm:3.0.5"
  dependencies:
    pvtsutils: ^1.3.2
    pvutils: ^1.1.3
    tslib: ^2.4.0
  checksum: 3b6af1bbadd5762ef8ead5daf2f6bda1bc9e23bc825c4dcc996aa1f9521ad7390a64028565d95d98090d69c8431f004c71cccb866004759169d7c203cf9075eb
  languageName: node
  linkType: hard

"busboy@npm:^1.6.0":
  version: 1.6.0
  resolution: "busboy@npm:1.6.0"
  dependencies:
    streamsearch: ^1.1.0
  checksum: 32801e2c0164e12106bf236291a00795c3c4e4b709ae02132883fe8478ba2ae23743b11c5735a0aae8afe65ac4b6ca4568b91f0d9fed1fdbc32ede824a73746e
  languageName: node
  linkType: hard

"create-require@npm:^1.1.0":
  version: 1.1.1
  resolution: "create-require@npm:1.1.1"
  checksum: a9a1503d4390d8b59ad86f4607de7870b39cad43d929813599a23714831e81c520bddf61bcdd1f8e30f05fd3a2b71ae8538e946eb2786dc65c2bbc520f692eff
  languageName: node
  linkType: hard

"diff@npm:^4.0.1":
  version: 4.0.2
  resolution: "diff@npm:4.0.2"
  checksum: f2c09b0ce4e6b301c221addd83bf3f454c0bc00caa3dd837cf6c127d6edf7223aa2bbe3b688feea110b7f262adbfc845b757c44c8a9f8c0c5b15d8fa9ce9d20d
  languageName: node
  linkType: hard

"dset@npm:^3.1.1":
  version: 3.1.2
  resolution: "dset@npm:3.1.2"
  checksum: 4f8066f517aa0a70af688c66e9a0a5590f0aada76f6edc7ba9ddb309e27d3a6d65c0a2e31ab2a84005d4c791e5327773cdde59b8ab169050330a0dc283663e87
  languageName: node
  linkType: hard

"event-target-polyfill@npm:^0.0.3":
  version: 0.0.3
  resolution: "event-target-polyfill@npm:0.0.3"
  checksum: 42efefcc46aa4170547b35399337762a579fa27c9fe8b3e791aec470df3126e0bb4cb49b9f17901956eb65a137ef0e35c3a32c9f047b32c64cf56fa9ecc76d06
  languageName: node
  linkType: hard

"event-target-shim@npm:^5.0.0":
  version: 5.0.1
  resolution: "event-target-shim@npm:5.0.1"
  checksum: 1ffe3bb22a6d51bdeb6bf6f7cf97d2ff4a74b017ad12284cc9e6a279e727dc30a5de6bb613e5596ff4dc3e517841339ad09a7eec44266eccb1aa201a30448166
  languageName: node
  linkType: hard

"form-data-encoder@npm:^1.7.1":
  version: 1.7.2
  resolution: "form-data-encoder@npm:1.7.2"
  checksum: aeebd87a1cb009e13cbb5e4e4008e6202ed5f6551eb6d9582ba8a062005178907b90f4887899d3c993de879159b6c0c940af8196725b428b4248cec5af3acf5f
  languageName: node
  linkType: hard

"formdata-node@npm:^4.3.1":
  version: 4.4.1
  resolution: "formdata-node@npm:4.4.1"
  dependencies:
    node-domexception: 1.0.0
    web-streams-polyfill: 4.0.0-beta.3
  checksum: d91d4f667cfed74827fc281594102c0dabddd03c9f8b426fc97123eedbf73f5060ee43205d89284d6854e2fc5827e030cd352ef68b93beda8decc2d72128c576
  languageName: node
  linkType: hard

"graphql-yoga-defer-stream-practice@workspace:.":
  version: 0.0.0-use.local
  resolution: "graphql-yoga-defer-stream-practice@workspace:."
  dependencies:
    "@graphql-yoga/node": ^2.13.13
    "@types/node": ^18.11.0
    graphql: experimental-stream-defer
    ts-node: ^10.9.1
    typescript: ^4.8.4
  languageName: unknown
  linkType: soft

"graphql@npm:experimental-stream-defer":
  version: 16.1.0-experimental-stream-defer.6
  resolution: "graphql@npm:16.1.0-experimental-stream-defer.6"
  checksum: 55cbcde8e1fb01dcf482c5cfafa0ad18995bb92397b4e8824ae2b0cd2f10eea6a7445342979d8d28874c2bf2fea1cacbfed8cc0e8ce918a6a87e8275d764e1c4
  languageName: node
  linkType: hard

"lru-cache@npm:^6.0.0":
  version: 6.0.0
  resolution: "lru-cache@npm:6.0.0"
  dependencies:
    yallist: ^4.0.0
  checksum: f97f499f898f23e4585742138a22f22526254fdba6d75d41a1c2526b3b6cc5747ef59c5612ba7375f42aca4f8461950e925ba08c991ead0651b4918b7c978297
  languageName: node
  linkType: hard

"make-error@npm:^1.1.1":
  version: 1.3.6
  resolution: "make-error@npm:1.3.6"
  checksum: b86e5e0e25f7f777b77fabd8e2cbf15737972869d852a22b7e73c17623928fccb826d8e46b9951501d3f20e51ad74ba8c59ed584f610526a48f8ccf88aaec402
  languageName: node
  linkType: hard

"node-domexception@npm:1.0.0":
  version: 1.0.0
  resolution: "node-domexception@npm:1.0.0"
  checksum: ee1d37dd2a4eb26a8a92cd6b64dfc29caec72bff5e1ed9aba80c294f57a31ba4895a60fd48347cf17dd6e766da0ae87d75657dfd1f384ebfa60462c2283f5c7f
  languageName: node
  linkType: hard

"node-fetch@npm:^2.6.7":
  version: 2.6.7
  resolution: "node-fetch@npm:2.6.7"
  dependencies:
    whatwg-url: ^5.0.0
  peerDependencies:
    encoding: ^0.1.0
  peerDependenciesMeta:
    encoding:
      optional: true
  checksum: 8d816ffd1ee22cab8301c7756ef04f3437f18dace86a1dae22cf81db8ef29c0bf6655f3215cb0cdb22b420b6fe141e64b26905e7f33f9377a7fa59135ea3e10b
  languageName: node
  linkType: hard

"pvtsutils@npm:^1.3.2":
  version: 1.3.2
  resolution: "pvtsutils@npm:1.3.2"
  dependencies:
    tslib: ^2.4.0
  checksum: 9b8155611363e2f40276879f2454e60204b45be0cd0482f9373f369308a2e9c76d5d74cdf661a3f5aae8022d75ea159eb0ba38ee78fc782ee3051e4722db98d0
  languageName: node
  linkType: hard

"pvutils@npm:^1.1.3":
  version: 1.1.3
  resolution: "pvutils@npm:1.1.3"
  checksum: 2ee26a9e5176c348977d6ec00d8ee80bff62f51743b1c5fe8abeeb4c5d29d9959cdfe0ce146707a9e6801bce88190fed3002d720b072dc87d031c692820b44c9
  languageName: node
  linkType: hard

"streamsearch@npm:^1.1.0":
  version: 1.1.0
  resolution: "streamsearch@npm:1.1.0"
  checksum: 1cce16cea8405d7a233d32ca5e00a00169cc0e19fbc02aa839959985f267335d435c07f96e5e0edd0eadc6d39c98d5435fb5bbbdefc62c41834eadc5622ad942
  languageName: node
  linkType: hard

"tr46@npm:~0.0.3":
  version: 0.0.3
  resolution: "tr46@npm:0.0.3"
  checksum: 726321c5eaf41b5002e17ffbd1fb7245999a073e8979085dacd47c4b4e8068ff5777142fc6726d6ca1fd2ff16921b48788b87225cbc57c72636f6efa8efbffe3
  languageName: node
  linkType: hard

"ts-node@npm:^10.9.1":
  version: 10.9.1
  resolution: "ts-node@npm:10.9.1"
  dependencies:
    "@cspotcode/source-map-support": ^0.8.0
    "@tsconfig/node10": ^1.0.7
    "@tsconfig/node12": ^1.0.7
    "@tsconfig/node14": ^1.0.0
    "@tsconfig/node16": ^1.0.2
    acorn: ^8.4.1
    acorn-walk: ^8.1.1
    arg: ^4.1.0
    create-require: ^1.1.0
    diff: ^4.0.1
    make-error: ^1.1.1
    v8-compile-cache-lib: ^3.0.1
    yn: 3.1.1
  peerDependencies:
    "@swc/core": ">=1.2.50"
    "@swc/wasm": ">=1.2.50"
    "@types/node": "*"
    typescript: ">=2.7"
  peerDependenciesMeta:
    "@swc/core":
      optional: true
    "@swc/wasm":
      optional: true
  bin:
    ts-node: dist/bin.js
    ts-node-cwd: dist/bin-cwd.js
    ts-node-esm: dist/bin-esm.js
    ts-node-script: dist/bin-script.js
    ts-node-transpile-only: dist/bin-transpile.js
    ts-script: dist/bin-script-deprecated.js
  checksum: 090adff1302ab20bd3486e6b4799e90f97726ed39e02b39e566f8ab674fd5bd5f727f43615debbfc580d33c6d9d1c6b1b3ce7d8e3cca3e20530a145ffa232c35
  languageName: node
  linkType: hard

"tslib@npm:2.4.0, tslib@npm:^2.0.0, tslib@npm:^2.3.1, tslib@npm:^2.4.0":
  version: 2.4.0
  resolution: "tslib@npm:2.4.0"
  checksum: 8c4aa6a3c5a754bf76aefc38026134180c053b7bd2f81338cb5e5ebf96fefa0f417bff221592bf801077f5bf990562f6264fecbc42cd3309b33872cb6fc3b113
  languageName: node
  linkType: hard

"typescript@npm:^4.8.4":
  version: 4.8.4
  resolution: "typescript@npm:4.8.4"
  bin:
    tsc: bin/tsc
    tsserver: bin/tsserver
  checksum: 3e4f061658e0c8f36c820802fa809e0fd812b85687a9a2f5430bc3d0368e37d1c9605c3ce9b39df9a05af2ece67b1d844f9f6ea8ff42819f13bcb80f85629af0
  languageName: node
  linkType: hard

"typescript@patch:typescript@^4.8.4#~builtin<compat/typescript>":
  version: 4.8.4
  resolution: "typescript@patch:typescript@npm%3A4.8.4#~builtin<compat/typescript>::version=4.8.4&hash=701156"
  bin:
    tsc: bin/tsc
    tsserver: bin/tsserver
  checksum: 301459fc3eb3b1a38fe91bf96d98eb55da88a9cb17b4ef80b4d105d620f4d547ba776cc27b44cc2ef58b66eda23fe0a74142feb5e79a6fb99f54fc018a696afa
  languageName: node
  linkType: hard

"undici@npm:^5.8.0":
  version: 5.11.0
  resolution: "undici@npm:5.11.0"
  dependencies:
    busboy: ^1.6.0
  checksum: 20669ef4023d24a75e81ed8142829f525f16af14d61f833b5f19cfc6bed7c706adde343a190d764dcceb227eba3211222d2b194010462a2ca221a7da0487f563
  languageName: node
  linkType: hard

"v8-compile-cache-lib@npm:^3.0.1":
  version: 3.0.1
  resolution: "v8-compile-cache-lib@npm:3.0.1"
  checksum: 78089ad549e21bcdbfca10c08850022b22024cdcc2da9b168bcf5a73a6ed7bf01a9cebb9eac28e03cd23a684d81e0502797e88f3ccd27a32aeab1cfc44c39da0
  languageName: node
  linkType: hard

"value-or-promise@npm:1.0.11":
  version: 1.0.11
  resolution: "value-or-promise@npm:1.0.11"
  checksum: 13f8f2ef620118c73b4d1beee8ce6045d7182bbf15090ecfbcafb677ec43698506a5e9ace6bea5ea35c32bc612c9b1f824bb59b6581cdfb5c919052745c277d5
  languageName: node
  linkType: hard

"web-streams-polyfill@npm:4.0.0-beta.3":
  version: 4.0.0-beta.3
  resolution: "web-streams-polyfill@npm:4.0.0-beta.3"
  checksum: dfec1fbf52b9140e4183a941e380487b6c3d5d3838dd1259be81506c1c9f2abfcf5aeb670aeeecfd9dff4271a6d8fef931b193c7bedfb42542a3b05ff36c0d16
  languageName: node
  linkType: hard

"web-streams-polyfill@npm:^3.2.0":
  version: 3.2.1
  resolution: "web-streams-polyfill@npm:3.2.1"
  checksum: b119c78574b6d65935e35098c2afdcd752b84268e18746606af149e3c424e15621b6f1ff0b42b2676dc012fc4f0d313f964b41a4b5031e525faa03997457da02
  languageName: node
  linkType: hard

"webcrypto-core@npm:^1.7.4":
  version: 1.7.5
  resolution: "webcrypto-core@npm:1.7.5"
  dependencies:
    "@peculiar/asn1-schema": ^2.1.6
    "@peculiar/json-schema": ^1.1.12
    asn1js: ^3.0.1
    pvtsutils: ^1.3.2
    tslib: ^2.4.0
  checksum: f6e529ca5c1175b8ccead3547f60efa7a1f8e247aaeab3bd4f096eb9fda11cfc8e6b6fb574bbc5696f608958c491a27e9682c89204412f73fb430e5fcbe9ebac
  languageName: node
  linkType: hard

"webidl-conversions@npm:^3.0.0":
  version: 3.0.1
  resolution: "webidl-conversions@npm:3.0.1"
  checksum: c92a0a6ab95314bde9c32e1d0a6dfac83b578f8fa5f21e675bc2706ed6981bc26b7eb7e6a1fab158e5ce4adf9caa4a0aee49a52505d4d13c7be545f15021b17c
  languageName: node
  linkType: hard

"whatwg-url@npm:^5.0.0":
  version: 5.0.0
  resolution: "whatwg-url@npm:5.0.0"
  dependencies:
    tr46: ~0.0.3
    webidl-conversions: ^3.0.0
  checksum: b8daed4ad3356cc4899048a15b2c143a9aed0dfae1f611ebd55073310c7b910f522ad75d727346ad64203d7e6c79ef25eafd465f4d12775ca44b90fa82ed9e2c
  languageName: node
  linkType: hard

"yallist@npm:^4.0.0":
  version: 4.0.0
  resolution: "yallist@npm:4.0.0"
  checksum: 343617202af32df2a15a3be36a5a8c0c8545208f3d3dfbc6bb7c3e3b7e8c6f8e7485432e4f3b88da3031a6e20afa7c711eded32ddfb122896ac5d914e75848d5
  languageName: node
  linkType: hard

"yn@npm:3.1.1":
  version: 3.1.1
  resolution: "yn@npm:3.1.1"
  checksum: 2c487b0e149e746ef48cda9f8bad10fc83693cd69d7f9dcd8be4214e985de33a29c9e24f3c0d6bcf2288427040a8947406ab27f7af67ee9456e6b84854f02dd6
  languageName: node
  linkType: hard
